
Microsoft Visual Studio Solution File, Format Version 12.00
# Visual Studio 15
VisualStudioVersion = 15.0.27130.2010
MinimumVisualStudioVersion = 10.0.40219.1
Project("{9A19103F-16F7-4668-BE54-9A1E7A4F7556}") = "001_Procedural", "001_Procedural\001_Procedural.csproj", "{2AA6EAE3-9701-4062-ABA7-BC7BCB61DB5C}"
EndProject
Project("{2150E333-8FDC-42A3-9474-1A3956D46DE8}") = "Solution Items", "Solution Items", "{8570833A-F976-4BA5-96E4-0C1938366429}"
	ProjectSection(SolutionItems) = preProject
		PersonData.txt = PersonData.txt
		SpendData.txt = SpendData.txt
	EndProjectSection
EndProject
Project("{9A19103F-16F7-4668-BE54-9A1E7A4F7556}") = "Runner", "Runner\Runner.csproj", "{457B2664-DEDC-44FA-AF83-2B6171539E08}"
EndProject
Global
	GlobalSection(SolutionConfigurationPlatforms) = preSolution
		Debug|Any CPU = Debug|Any CPU
		Release|Any CPU = Release|Any CPU
	EndGlobalSection
	GlobalSection(ProjectConfigurationPlatforms) = postSolution
		{2AA6EAE3-9701-4062-ABA7-BC7BCB61DB5C}.Debug|Any CPU.ActiveCfg = Debug|Any CPU
		{2AA6EAE3-9701-4062-ABA7-BC7BCB61DB5C}.Debug|Any CPU.Build.0 = Debug|Any CPU
		{2AA6EAE3-9701-4062-ABA7-BC7BCB61DB5C}.Release|Any CPU.ActiveCfg = Release|Any CPU
		{2AA6EAE3-9701-4062-ABA7-BC7BCB61DB5C}.Release|Any CPU.Build.0 = Release|Any CPU
		{457B2664-DEDC-44FA-AF83-2B6171539E08}.Debug|Any CPU.ActiveCfg = Debug|Any CPU
		{457B2664-DEDC-44FA-AF83-2B6171539E08}.Debug|Any CPU.Build.0 = Debug|Any CPU
		{457B2664-DEDC-44FA-AF83-2B6171539E08}.Release|Any CPU.ActiveCfg = Release|Any CPU
		{457B2664-DEDC-44FA-AF83-2B6171539E08}.Release|Any CPU.Build.0 = Release|Any CPU
	EndGlobalSection
	GlobalSection(SolutionProperties) = preSolution
		HideSolutionNode = FALSE
	EndGlobalSection
	GlobalSection(ExtensibilityGlobals) = postSolution
		SolutionGuid = {17B88F29-74B8-472A-AD18-64507C58D037}
	EndGlobalSection
EndGlobal
